
Microsoft Visual Studio Solution File, Format Version 12.00
# Visual Studio Version 16
VisualStudioVersion = 16.0.29215.179
MinimumVisualStudioVersion = 10.0.40219.1
Project("{9A19103F-16F7-4668-BE54-9A1E7A4F7556}") = "TestProject", "TestProject\TestProject.csproj", "{B40577DB-DE2F-4EA2-B978-F8288C0C1864}"
EndProject
Project("{FAE04EC0-301F-11D3-BF4B-00C04F79EFBC}") = "TestProjectTest", "TestProjectTest\TestProjectTest.csproj", "{C10D4E4C-8B07-43C7-A352-DE307D8C834D}"
EndProject
Global
	GlobalSection(SolutionConfigurationPlatforms) = preSolution
		Debug|Any CPU = Debug|Any CPU
		Release|Any CPU = Release|Any CPU
	EndGlobalSection
	GlobalSection(ProjectConfigurationPlatforms) = postSolution
		{B40577DB-DE2F-4EA2-B978-F8288C0C1864}.Debug|Any CPU.ActiveCfg = Debug|Any CPU
		{B40577DB-DE2F-4EA2-B978-F8288C0C1864}.Debug|Any CPU.Build.0 = Debug|Any CPU
		{B40577DB-DE2F-4EA2-B978-F8288C0C1864}.Release|Any CPU.ActiveCfg = Release|Any CPU
		{B40577DB-DE2F-4EA2-B978-F8288C0C1864}.Release|Any CPU.Build.0 = Release|Any CPU
		{C10D4E4C-8B07-43C7-A352-DE307D8C834D}.Debug|Any CPU.ActiveCfg = Debug|Any CPU
		{C10D4E4C-8B07-43C7-A352-DE307D8C834D}.Debug|Any CPU.Build.0 = Debug|Any CPU
		{C10D4E4C-8B07-43C7-A352-DE307D8C834D}.Release|Any CPU.ActiveCfg = Release|Any CPU
		{C10D4E4C-8B07-43C7-A352-DE307D8C834D}.Release|Any CPU.Build.0 = Release|Any CPU
	EndGlobalSection
	GlobalSection(SolutionProperties) = preSolution
		HideSolutionNode = FALSE
	EndGlobalSection
	GlobalSection(ExtensibilityGlobals) = postSolution
		SolutionGuid = {DAEE1225-AD00-467D-93A3-B815DA2685FE}
	EndGlobalSection
EndGlobal
